
Microsoft Visual Studio Solution File, Format Version 12.00
# Visual Studio Version 16
VisualStudioVersion = 16.0.32228.343
MinimumVisualStudioVersion = 10.0.40219.1
Project("{FAE04EC0-301F-11D3-BF4B-00C04F79EFBC}") = "Unit Testing lab2", "Unit Testing lab2\Unit Testing lab2.csproj", "{5FC9A5AD-F38B-4CB4-9E0B-79A2968BC6A8}"
EndProject
Project("{FAE04EC0-301F-11D3-BF4B-00C04F79EFBC}") = "TestProject1", "TestProject1\TestProject1.csproj", "{38225ACE-4266-4320-ABAF-6FE6A53EFE72}"
EndProject
Global
	GlobalSection(SolutionConfigurationPlatforms) = preSolution
		Debug|Any CPU = Debug|Any CPU
		Release|Any CPU = Release|Any CPU
	EndGlobalSection
	GlobalSection(ProjectConfigurationPlatforms) = postSolution
		{5FC9A5AD-F38B-4CB4-9E0B-79A2968BC6A8}.Debug|Any CPU.ActiveCfg = Debug|Any CPU
		{5FC9A5AD-F38B-4CB4-9E0B-79A2968BC6A8}.Debug|Any CPU.Build.0 = Debug|Any CPU
		{5FC9A5AD-F38B-4CB4-9E0B-79A2968BC6A8}.Release|Any CPU.ActiveCfg = Release|Any CPU
		{5FC9A5AD-F38B-4CB4-9E0B-79A2968BC6A8}.Release|Any CPU.Build.0 = Release|Any CPU
		{38225ACE-4266-4320-ABAF-6FE6A53EFE72}.Debug|Any CPU.ActiveCfg = Debug|Any CPU
		{38225ACE-4266-4320-ABAF-6FE6A53EFE72}.Debug|Any CPU.Build.0 = Debug|Any CPU
		{38225ACE-4266-4320-ABAF-6FE6A53EFE72}.Release|Any CPU.ActiveCfg = Release|Any CPU
		{38225ACE-4266-4320-ABAF-6FE6A53EFE72}.Release|Any CPU.Build.0 = Release|Any CPU
	EndGlobalSection
	GlobalSection(SolutionProperties) = preSolution
		HideSolutionNode = FALSE
	EndGlobalSection
	GlobalSection(ExtensibilityGlobals) = postSolution
		SolutionGuid = {042B9B56-6FA5-4018-930F-A46D00171E10}
	EndGlobalSection
EndGlobal
